
Microsoft Visual Studio Solution File, Format Version 12.00
# Visual Studio Version 16
VisualStudioVersion = 16.0.31829.152
MinimumVisualStudioVersion = 10.0.40219.1
Project("{9A19103F-16F7-4668-BE54-9A1E7A4F7556}") = "TicketManagementApp", "TicketManagementApp\TicketManagementApp.csproj", "{B373EDFF-9DC3-48A3-B754-929718F5EE0D}"
EndProject
Global
	GlobalSection(SolutionConfigurationPlatforms) = preSolution
		Debug|Any CPU = Debug|Any CPU
		Release|Any CPU = Release|Any CPU
	EndGlobalSection
	GlobalSection(ProjectConfigurationPlatforms) = postSolution
		{B373EDFF-9DC3-48A3-B754-929718F5EE0D}.Debug|Any CPU.ActiveCfg = Debug|Any CPU
		{B373EDFF-9DC3-48A3-B754-929718F5EE0D}.Debug|Any CPU.Build.0 = Debug|Any CPU
		{B373EDFF-9DC3-48A3-B754-929718F5EE0D}.Release|Any CPU.ActiveCfg = Release|Any CPU
		{B373EDFF-9DC3-48A3-B754-929718F5EE0D}.Release|Any CPU.Build.0 = Release|Any CPU
	EndGlobalSection
	GlobalSection(SolutionProperties) = preSolution
		HideSolutionNode = FALSE
	EndGlobalSection
	GlobalSection(ExtensibilityGlobals) = postSolution
		SolutionGuid = {E129BEE4-B087-4D9D-86E9-672E3EB5CBE1}
	EndGlobalSection
EndGlobal
